
Microsoft Visual Studio Solution File, Format Version 12.00
# Visual Studio Version 16
VisualStudioVersion = 16.0.29521.150
MinimumVisualStudioVersion = 10.0.40219.1
Project("{FAE04EC0-301F-11D3-BF4B-00C04F79EFBC}") = "sample_fiddlerInspector", "sample_fiddlerInspector\sample_fiddlerInspector.csproj", "{757A0470-7662-454D-9EB9-5DDB465BC867}"
EndProject
Global
	GlobalSection(SolutionConfigurationPlatforms) = preSolution
		Debug|Any CPU = Debug|Any CPU
		Release|Any CPU = Release|Any CPU
	EndGlobalSection
	GlobalSection(ProjectConfigurationPlatforms) = postSolution
		{757A0470-7662-454D-9EB9-5DDB465BC867}.Debug|Any CPU.ActiveCfg = Debug|Any CPU
		{757A0470-7662-454D-9EB9-5DDB465BC867}.Debug|Any CPU.Build.0 = Debug|Any CPU
		{757A0470-7662-454D-9EB9-5DDB465BC867}.Release|Any CPU.ActiveCfg = Release|Any CPU
		{757A0470-7662-454D-9EB9-5DDB465BC867}.Release|Any CPU.Build.0 = Release|Any CPU
	EndGlobalSection
	GlobalSection(SolutionProperties) = preSolution
		HideSolutionNode = FALSE
	EndGlobalSection
	GlobalSection(ExtensibilityGlobals) = postSolution
		SolutionGuid = {06C93A1F-0A61-44DA-B1B4-9A686C8ABD20}
	EndGlobalSection
EndGlobal
